
Microsoft Visual Studio Solution File, Format Version 12.00
# Visual Studio Version 17
VisualStudioVersion = 17.14.36603.0 d17.14
MinimumVisualStudioVersion = 10.0.40219.1
Project("{FAE04EC0-301F-11D3-BF4B-00C04F79EFBC}") = "ConsoleApp3", "ConsoleApp3\ConsoleApp3.csproj", "{65C7D8AE-7FC7-41F4-AA8F-574DE902E992}"
EndProject
Global
	GlobalSection(SolutionConfigurationPlatforms) = preSolution
		Debug|Any CPU = Debug|Any CPU
		Release|Any CPU = Release|Any CPU
	EndGlobalSection
	GlobalSection(ProjectConfigurationPlatforms) = postSolution
		{65C7D8AE-7FC7-41F4-AA8F-574DE902E992}.Debug|Any CPU.ActiveCfg = Debug|Any CPU
		{65C7D8AE-7FC7-41F4-AA8F-574DE902E992}.Debug|Any CPU.Build.0 = Debug|Any CPU
		{65C7D8AE-7FC7-41F4-AA8F-574DE902E992}.Release|Any CPU.ActiveCfg = Release|Any CPU
		{65C7D8AE-7FC7-41F4-AA8F-574DE902E992}.Release|Any CPU.Build.0 = Release|Any CPU
	EndGlobalSection
	GlobalSection(SolutionProperties) = preSolution
		HideSolutionNode = FALSE
	EndGlobalSection
	GlobalSection(ExtensibilityGlobals) = postSolution
		SolutionGuid = {9959759F-C906-448C-ACAE-D85D37BD2446}
	EndGlobalSection
EndGlobal
