
Microsoft Visual Studio Solution File, Format Version 12.00
# Visual Studio Version 17
VisualStudioVersion = 17.14.36603.0 d17.14
MinimumVisualStudioVersion = 10.0.40219.1
Project("{FAE04EC0-301F-11D3-BF4B-00C04F79EFBC}") = "AISDH1", "AISDH1\AISDH1.csproj", "{905263D7-111B-441C-B5F9-4038F63BECCD}"
EndProject
Global
	GlobalSection(SolutionConfigurationPlatforms) = preSolution
		Debug|Any CPU = Debug|Any CPU
		Release|Any CPU = Release|Any CPU
	EndGlobalSection
	GlobalSection(ProjectConfigurationPlatforms) = postSolution
		{905263D7-111B-441C-B5F9-4038F63BECCD}.Debug|Any CPU.ActiveCfg = Debug|Any CPU
		{905263D7-111B-441C-B5F9-4038F63BECCD}.Debug|Any CPU.Build.0 = Debug|Any CPU
		{905263D7-111B-441C-B5F9-4038F63BECCD}.Release|Any CPU.ActiveCfg = Release|Any CPU
		{905263D7-111B-441C-B5F9-4038F63BECCD}.Release|Any CPU.Build.0 = Release|Any CPU
	EndGlobalSection
	GlobalSection(SolutionProperties) = preSolution
		HideSolutionNode = FALSE
	EndGlobalSection
	GlobalSection(ExtensibilityGlobals) = postSolution
		SolutionGuid = {91C667B5-B353-40C2-A945-43F5020A7678}
	EndGlobalSection
EndGlobal
