
Microsoft Visual Studio Solution File, Format Version 12.00
# Visual Studio Version 17
VisualStudioVersion = 17.14.36603.0 d17.14
MinimumVisualStudioVersion = 10.0.40219.1
Project("{FAE04EC0-301F-11D3-BF4B-00C04F79EFBC}") = "Level1", "Level1\Level1.csproj", "{51ABCC0A-8771-4555-B894-91C0774A0935}"
EndProject
Global
	GlobalSection(SolutionConfigurationPlatforms) = preSolution
		Debug|Any CPU = Debug|Any CPU
		Release|Any CPU = Release|Any CPU
	EndGlobalSection
	GlobalSection(ProjectConfigurationPlatforms) = postSolution
		{51ABCC0A-8771-4555-B894-91C0774A0935}.Debug|Any CPU.ActiveCfg = Debug|Any CPU
		{51ABCC0A-8771-4555-B894-91C0774A0935}.Debug|Any CPU.Build.0 = Debug|Any CPU
		{51ABCC0A-8771-4555-B894-91C0774A0935}.Release|Any CPU.ActiveCfg = Release|Any CPU
		{51ABCC0A-8771-4555-B894-91C0774A0935}.Release|Any CPU.Build.0 = Release|Any CPU
	EndGlobalSection
	GlobalSection(SolutionProperties) = preSolution
		HideSolutionNode = FALSE
	EndGlobalSection
	GlobalSection(ExtensibilityGlobals) = postSolution
		SolutionGuid = {ECA82B1B-DB79-48E8-80A8-3E7952ECE2AE}
	EndGlobalSection
EndGlobal
